version = 1
revision = 3
requires-python = ">=3.11"

[[package]]
name = "slack-agent-gateway"
version = "0.1.0"
source = { editable = "." }
dependencies = [
    { name = "slack-bolt" },
]

[package.metadata]
requires-dist = [{ name = "slack-bolt", specifier = ">=1.18,<2" }]

[[package]]
name = "slack-bolt"
version = "1.30.0"
source = { registry = "https://pypi.org/simple" }
dependencies = [
    { name = "slack-sdk" },
]
sdist = { url = "https://files.pythonhosted.org/packages/e3/4f/5ba15533d66da2e7174334cc0e2805142e5390c9f4c5f31633df78b17006/slack_bolt-1.30.0.tar.gz", hash = "sha256:af38258d41f801ad9c74503090e0f39accd66c49f667f7e55c97fcdb0e51b886", size = 131180, upload-time = "2026-07-15T20:47:33.679Z" }
wheels = [
    { url = "https://files.pythonhosted.org/packages/2f/ee/1a7a286cf98fa3f4eeffaabc090e82f58f058ab4812aa1d7421d92c2637a/slack_bolt-1.30.0-py2.py3-none-any.whl", hash = "sha256:81f5bc46e79516d23d5e2a31dded6304dd1b8b6b72c0083f2f31d5d801e262c4", size = 235341, upload-time = "2026-07-15T20:47:32.113Z" },
]

[[package]]
name = "slack-sdk"
version = "3.43.0"
source = { registry = "https://pypi.org/simple" }
sdist = { url = "https://files.pythonhosted.org/packages/13/75/a4964eb771a0c74d79ee7a3bee6fb5d9718909dd1b675e80d62a6a0ad90a/slack_sdk-3.43.0.tar.gz", hash = "sha256:0553152e46c4259eb69f7464cdadc35ba4802ca10f9f5a849c92cf03d6c2ba07", size = 252769, upload-time = "2026-06-30T18:04:41.59Z" }
wheels = [
    { url = "https://files.pythonhosted.org/packages/e4/55/42141b8338d46323d5b3c6095201b044c670c20f898643b322ea9b1543a1/slack_sdk-3.43.0-py2.py3-none-any.whl", hash = "sha256:4b6557c65577fc172f685af218b811f9f3b4909e24cddd839ada09565f10c585", size = 315866, upload-time = "2026-06-30T18:04:39.636Z" },
]
